
Microsoft Visual Studio Solution File, Format Version 12.00
# Visual Studio Version 16
VisualStudioVersion = 16.0.30711.63
MinimumVisualStudioVersion = 10.0.40219.1
Project("{8BC9CEB8-8B4A-11D0-8D11-00A0C91BC942}") = "Dream-of-Dragon", "Dream-of-Dragon\Dream-of-Dragon.vcxproj", "{FE9D72E2-3906-4B62-ABD2-CF80CDE7AA2D}"
EndProject
Global
	GlobalSection(SolutionConfigurationPlatforms) = preSolution
		Debug|x64 = Debug|x64
		Debug|x86 = Debug|x86
		Release|x64 = Release|x64
		Release|x86 = Release|x86
	EndGlobalSection
	GlobalSection(ProjectConfigurationPlatforms) = postSolution
		{FE9D72E2-3906-4B62-ABD2-CF80CDE7AA2D}.Debug|x64.ActiveCfg = Debug|x64
		{FE9D72E2-3906-4B62-ABD2-CF80CDE7AA2D}.Debug|x64.Build.0 = Debug|x64
		{FE9D72E2-3906-4B62-ABD2-CF80CDE7AA2D}.Debug|x86.ActiveCfg = Debug|Win32
		{FE9D72E2-3906-4B62-ABD2-CF80CDE7AA2D}.Debug|x86.Build.0 = Debug|Win32
		{FE9D72E2-3906-4B62-ABD2-CF80CDE7AA2D}.Release|x64.ActiveCfg = Release|x64
		{FE9D72E2-3906-4B62-ABD2-CF80CDE7AA2D}.Release|x64.Build.0 = Release|x64
		{FE9D72E2-3906-4B62-ABD2-CF80CDE7AA2D}.Release|x86.ActiveCfg = Release|Win32
		{FE9D72E2-3906-4B62-ABD2-CF80CDE7AA2D}.Release|x86.Build.0 = Release|Win32
	EndGlobalSection
	GlobalSection(SolutionProperties) = preSolution
		HideSolutionNode = FALSE
	EndGlobalSection
	GlobalSection(ExtensibilityGlobals) = postSolution
		SolutionGuid = {BC477201-0226-4300-B175-38DA91DD879C}
	EndGlobalSection
EndGlobal
